# This file is automatically @generated by Cargo.
# It is not intended for manual editing.
version = 4

[[package]]
name = "unicode-pdf-bidi"
version = "0.1.0-alpha.1"
dependencies = [
 "unicode-pdf-core",
]

[[package]]
name = "unicode-pdf-bidi-fribidi"
version = "0.1.0-alpha.1"
dependencies = [
 "unicode-pdf-bidi",
 "unicode-pdf-core",
]

[[package]]
name = "unicode-pdf-cli"
version = "0.1.0-alpha.1"
dependencies = [
 "unicode-pdf-bidi",
 "unicode-pdf-bidi-fribidi",
 "unicode-pdf-core",
 "unicode-pdf-font",
 "unicode-pdf-layout",
 "unicode-pdf-shape",
 "unicode-pdf-shape-harfbuzz",
 "unicode-pdf-write",
]

[[package]]
name = "unicode-pdf-core"
version = "0.1.0-alpha.1"

[[package]]
name = "unicode-pdf-font"
version = "0.1.0-alpha.1"
dependencies = [
 "unicode-pdf-core",
]

[[package]]
name = "unicode-pdf-layout"
version = "0.1.0-alpha.1"
dependencies = [
 "unicode-pdf-bidi",
 "unicode-pdf-core",
 "unicode-pdf-font",
 "unicode-pdf-shape",
]

[[package]]
name = "unicode-pdf-shape"
version = "0.1.0-alpha.1"
dependencies = [
 "unicode-pdf-core",
]

[[package]]
name = "unicode-pdf-shape-harfbuzz"
version = "0.1.0-alpha.1"
dependencies = [
 "unicode-pdf-core",
 "unicode-pdf-shape",
]

[[package]]
name = "unicode-pdf-write"
version = "0.1.0-alpha.1"
dependencies = [
 "unicode-pdf-core",
 "unicode-pdf-font",
]
